<?xml version="1.0" encoding="utf-8"?>
<Project ToolsVersion="4.0" xmlns="http://schemas.microsoft.com/developer/msbuild/2003">
  <ItemGroup>
    <Filter Include="ソース ファイル">
      <UniqueIdentifier>{4FC737F1-C7A5-4376-A066-2A32D752A2FF}</UniqueIdentifier>
      <Extensions>cpp;c;cc;cxx;def;odl;idl;hpj;bat;asm;asmx</Extensions>
    </Filter>
    <Filter Include="ヘッダー ファイル">
      <UniqueIdentifier>{93995380-89BD-4b04-88EB-625FBE52EBFB}</UniqueIdentifier>
      <Extensions>h;hh;hpp;hxx;hm;inl;inc;xsd</Extensions>
    </Filter>
    <Filter Include="リソース ファイル">
      <UniqueIdentifier>{67DA6AB6-F800-4c08-8B7A-83BB121AAD01}</UniqueIdentifier>
      <Extensions>rc;ico;cur;bmp;dlg;rc2;rct;bin;rgs;gif;jpg;jpeg;jpe;resx;tiff;tif;png;wav;mfcribbon-ms</Extensions>
    </Filter>
    <Filter Include="ソース ファイル\manage">
      <UniqueIdentifier>{4013975d-93c6-477d-a807-0bbb9d9d356d}</UniqueIdentifier>
    </Filter>
    <Filter Include="ヘッダー ファイル\manage">
      <UniqueIdentifier>{357effd0-b678-43b2-9bf2-7053c8de3bf4}</UniqueIdentifier>
    </Filter>
    <Filter Include="ソース ファイル\input">
      <UniqueIdentifier>{608327db-9099-4df6-b968-1d8f0e2c282d}</UniqueIdentifier>
    </Filter>
    <Filter Include="ヘッダー ファイル\input">
      <UniqueIdentifier>{ba9ec9a1-2c48-472e-8646-0c5f71ad440c}</UniqueIdentifier>
    </Filter>
    <Filter Include="ソース ファイル\scene">
      <UniqueIdentifier>{4901827c-e4a1-4e89-bf61-8f01dc0df672}</UniqueIdentifier>
    </Filter>
    <Filter Include="ヘッダー ファイル\scene">
      <UniqueIdentifier>{888fd0e0-a97c-4e01-8693-d3328c418474}</UniqueIdentifier>
    </Filter>
    <Filter Include="ソース ファイル\mode">
      <UniqueIdentifier>{b4e59221-6656-487f-81eb-b8de807b9f9b}</UniqueIdentifier>
    </Filter>
    <Filter Include="ヘッダー ファイル\mode">
      <UniqueIdentifier>{2a3d2592-fa76-40a9-b8ff-8e2e4cce08d7}</UniqueIdentifier>
    </Filter>
    <Filter Include="ヘッダー ファイル\ui">
      <UniqueIdentifier>{7bed6fb8-449c-4b0b-a3c9-c2340c63c085}</UniqueIdentifier>
    </Filter>
    <Filter Include="ソース ファイル\ui">
      <UniqueIdentifier>{6606c345-90d5-4612-b078-6e091c2b9fdb}</UniqueIdentifier>
    </Filter>
    <Filter Include="ソース ファイル\player">
      <UniqueIdentifier>{7ddd43ba-dd6d-4be3-8906-a1d8c5a2b23d}</UniqueIdentifier>
    </Filter>
    <Filter Include="ヘッダー ファイル\player">
      <UniqueIdentifier>{eb0d4c0b-155f-40ca-8983-33f52c8fdcf9}</UniqueIdentifier>
    </Filter>
    <Filter Include="ヘッダー ファイル\mesh">
      <UniqueIdentifier>{84ebf92d-ead1-43e6-b431-b3d1308b8378}</UniqueIdentifier>
    </Filter>
    <Filter Include="ソース ファイル\mesh">
      <UniqueIdentifier>{59b33a72-b10f-41f5-a56d-047490e145df}</UniqueIdentifier>
    </Filter>
    <Filter Include="ヘッダー ファイル\model">
      <UniqueIdentifier>{be9dc638-75b1-4c26-8e62-1545a329e425}</UniqueIdentifier>
    </Filter>
    <Filter Include="ソース ファイル\model">
      <UniqueIdentifier>{986062a4-2512-494b-8a11-f0328814f4d1}</UniqueIdentifier>
    </Filter>
    <Filter Include="ヘッダー ファイル\data">
      <UniqueIdentifier>{0ff71b42-aa17-4115-8321-e62786ec986f}</UniqueIdentifier>
    </Filter>
    <Filter Include="ソース ファイル\data">
      <UniqueIdentifier>{db551029-8479-4cd5-a3a0-168b7eff7c94}</UniqueIdentifier>
    </Filter>
    <Filter Include="ソース ファイル\control">
      <UniqueIdentifier>{75f165df-28fc-4ce8-8247-f036d291c442}</UniqueIdentifier>
    </Filter>
    <Filter Include="ヘッダー ファイル\control">
      <UniqueIdentifier>{afc26d98-1325-4d93-a6fa-6db78a19c651}</UniqueIdentifier>
    </Filter>
    <Filter Include="ヘッダー ファイル\motion">
      <UniqueIdentifier>{09befa35-4515-4a9b-b8a1-b720aaf3ea07}</UniqueIdentifier>
    </Filter>
    <Filter Include="ソース ファイル\motion">
      <UniqueIdentifier>{d522e800-d756-40b0-89f8-5e4457588ac8}</UniqueIdentifier>
    </Filter>
    <Filter Include="ヘッダー ファイル\enemy">
      <UniqueIdentifier>{aed7da84-f78a-48e3-b4f8-df6a2183c1c9}</UniqueIdentifier>
    </Filter>
    <Filter Include="ソース ファイル\enemy">
      <UniqueIdentifier>{f18f8c39-b890-4657-b235-feefab558094}</UniqueIdentifier>
    </Filter>
    <Filter Include="ヘッダー ファイル\billboard">
      <UniqueIdentifier>{9b24bef3-bb46-48fa-95a8-d0cbde5515a1}</UniqueIdentifier>
    </Filter>
    <Filter Include="ソース ファイル\billboard">
      <UniqueIdentifier>{8c208883-acff-4d2c-b925-54bfb3a8de31}</UniqueIdentifier>
    </Filter>
    <Filter Include="ヘッダー ファイル\collision">
      <UniqueIdentifier>{40b6ec75-fd66-4ac7-bd7f-26a311ca8054}</UniqueIdentifier>
    </Filter>
    <Filter Include="ソース ファイル\collision">
      <UniqueIdentifier>{4b4f519a-c42e-4f27-b724-05effb7c4937}</UniqueIdentifier>
    </Filter>
    <Filter Include="ソース ファイル\particle">
      <UniqueIdentifier>{1087f964-3d5e-4fcc-b255-120b4424cab0}</UniqueIdentifier>
    </Filter>
    <Filter Include="ヘッダー ファイル\particle">
      <UniqueIdentifier>{b59a207b-bdfe-4788-8ce6-46c7fbbb61ff}</UniqueIdentifier>
    </Filter>
  </ItemGroup>
  <ItemGroup>
    <ClCompile Include="main.cpp">
      <Filter>ソース ファイル\manage</Filter>
    </ClCompile>
    <ClCompile Include="manager.cpp">
      <Filter>ソース ファイル\manage</Filter>
    </ClCompile>
    <ClCompile Include="input.cpp">
      <Filter>ソース ファイル\input</Filter>
    </ClCompile>
    <ClCompile Include="keyboard.cpp">
      <Filter>ソース ファイル\input</Filter>
    </ClCompile>
    <ClCompile Include="gamapad.cpp">
      <Filter>ソース ファイル\input</Filter>
    </ClCompile>
    <ClCompile Include="rednderer.cpp">
      <Filter>ソース ファイル\manage</Filter>
    </ClCompile>
    <ClCompile Include="scene.cpp">
      <Filter>ソース ファイル\scene</Filter>
    </ClCompile>
    <ClCompile Include="sound.cpp">
      <Filter>ソース ファイル</Filter>
    </ClCompile>
    <ClCompile Include="texture.cpp">
      <Filter>ソース ファイル</Filter>
    </ClCompile>
    <ClCompile Include="fade.cpp">
      <Filter>ソース ファイル</Filter>
    </ClCompile>
    <ClCompile Include="scene2D.cpp">
      <Filter>ソース ファイル\scene</Filter>
    </ClCompile>
    <ClCompile Include="title.cpp">
      <Filter>ソース ファイル\mode</Filter>
    </ClCompile>
    <ClCompile Include="ui.cpp">
      <Filter>ソース ファイル\ui</Filter>
    </ClCompile>
    <ClCompile Include="scene3D.cpp">
      <Filter>ソース ファイル\scene</Filter>
    </ClCompile>
    <ClCompile Include="camera.cpp">
      <Filter>ソース ファイル</Filter>
    </ClCompile>
    <ClCompile Include="light.cpp">
      <Filter>ソース ファイル</Filter>
    </ClCompile>
    <ClCompile Include="game.cpp">
      <Filter>ソース ファイル\mode</Filter>
    </ClCompile>
    <ClCompile Include="player.cpp">
      <Filter>ソース ファイル\player</Filter>
    </ClCompile>
    <ClCompile Include="mesh_field.cpp">
      <Filter>ソース ファイル\mesh</Filter>
    </ClCompile>
    <ClCompile Include="mesh_wall.cpp">
      <Filter>ソース ファイル\mesh</Filter>
    </ClCompile>
    <ClCompile Include="model.cpp">
      <Filter>ソース ファイル\model</Filter>
    </ClCompile>
    <ClCompile Include="data_stage.cpp">
      <Filter>ソース ファイル\data</Filter>
    </ClCompile>
    <ClCompile Include="control.cpp">
      <Filter>ソース ファイル\control</Filter>
    </ClCompile>
    <ClCompile Include="control_ui_title_enter.cpp">
      <Filter>ソース ファイル\control</Filter>
    </ClCompile>
    <ClCompile Include="shadow.cpp">
      <Filter>ソース ファイル</Filter>
    </ClCompile>
    <ClCompile Include="control_player.cpp">
      <Filter>ソース ファイル\control</Filter>
    </ClCompile>
    <ClCompile Include="data_attack.cpp">
      <Filter>ソース ファイル\data</Filter>
    </ClCompile>
    <ClCompile Include="model_single.cpp">
      <Filter>ソース ファイル\model</Filter>
    </ClCompile>
    <ClCompile Include="arrow.cpp">
      <Filter>ソース ファイル\player</Filter>
    </ClCompile>
    <ClCompile Include="enemy.cpp">
      <Filter>ソース ファイル\enemy</Filter>
    </ClCompile>
    <ClCompile Include="control_boss.cpp">
      <Filter>ソース ファイル\control</Filter>
    </ClCompile>
    <ClCompile Include="control_wolf00.cpp">
      <Filter>ソース ファイル\control</Filter>
    </ClCompile>
    <ClCompile Include="control_wolf01.cpp">
      <Filter>ソース ファイル\control</Filter>
    </ClCompile>
    <ClCompile Include="flash.cpp">
      <Filter>ソース ファイル</Filter>
    </ClCompile>
    <ClCompile Include="level.cpp">
      <Filter>ソース ファイル\ui</Filter>
    </ClCompile>
    <ClCompile Include="life.cpp">
      <Filter>ソース ファイル\ui</Filter>
    </ClCompile>
    <ClCompile Include="enemy_box.cpp">
      <Filter>ソース ファイル\enemy</Filter>
    </ClCompile>
    <ClCompile Include="billboard.cpp">
      <Filter>ソース ファイル\billboard</Filter>
    </ClCompile>
    <ClCompile Include="effect_bllboard.cpp">
      <Filter>ソース ファイル\billboard</Filter>
    </ClCompile>
    <ClCompile Include="life_billboard.cpp">
      <Filter>ソース ファイル\billboard</Filter>
    </ClCompile>
    <ClCompile Include="fog.cpp">
      <Filter>ソース ファイル</Filter>
    </ClCompile>
    <ClCompile Include="clear.cpp">
      <Filter>ソース ファイル</Filter>
    </ClCompile>
    <ClCompile Include="death.cpp">
      <Filter>ソース ファイル</Filter>
    </ClCompile>
    <ClCompile Include="mesh_sky.cpp">
      <Filter>ソース ファイル\mesh</Filter>
    </ClCompile>
    <ClCompile Include="mouse.cpp">
      <Filter>ソース ファイル\input</Filter>
    </ClCompile>
    <ClCompile Include="pause.cpp">
      <Filter>ソース ファイル\ui</Filter>
    </ClCompile>
    <ClCompile Include="motion.cpp">
      <Filter>ソース ファイル\motion</Filter>
    </ClCompile>
    <ClCompile Include="model_load.cpp">
      <Filter>ソース ファイル\model</Filter>
    </ClCompile>
    <ClCompile Include="collsion_sphere.cpp">
      <Filter>ソース ファイル\collision</Filter>
    </ClCompile>
    <ClCompile Include="time.cpp">
      <Filter>ソース ファイル\ui</Filter>
    </ClCompile>
    <ClCompile Include="data_clear.cpp">
      <Filter>ソース ファイル\data</Filter>
    </ClCompile>
    <ClCompile Include="ranking.cpp">
      <Filter>ソース ファイル\ui</Filter>
    </ClCompile>
    <ClCompile Include="particle.cpp">
      <Filter>ソース ファイル\particle</Filter>
    </ClCompile>
    <ClCompile Include="particle_dash.cpp">
      <Filter>ソース ファイル\particle</Filter>
    </ClCompile>
    <ClCompile Include="particle_hit.cpp">
      <Filter>ソース ファイル\particle</Filter>
    </ClCompile>
    <ClCompile Include="particle_circle.cpp">
      <Filter>ソース ファイル\particle</Filter>
    </ClCompile>
    <ClCompile Include="level_up.cpp">
      <Filter>ソース ファイル\ui</Filter>
    </ClCompile>
    <ClCompile Include="score.cpp">
      <Filter>ソース ファイル\ui</Filter>
    </ClCompile>
    <ClCompile Include="start.cpp">
      <Filter>ソース ファイル\ui</Filter>
    </ClCompile>
    <ClCompile Include="weapon.cpp">
      <Filter>ソース ファイル\ui</Filter>
    </ClCompile>
  </ItemGroup>
  <ItemGroup>
    <ClInclude Include="main.h">
      <Filter>ヘッダー ファイル\manage</Filter>
    </ClInclude>
    <ClInclude Include="manager.h">
      <Filter>ヘッダー ファイル\manage</Filter>
    </ClInclude>
    <ClInclude Include="input.h">
      <Filter>ヘッダー ファイル\input</Filter>
    </ClInclude>
    <ClInclude Include="keyboard.h">
      <Filter>ヘッダー ファイル\input</Filter>
    </ClInclude>
    <ClInclude Include="gamepad.h">
      <Filter>ヘッダー ファイル\input</Filter>
    </ClInclude>
    <ClInclude Include="renderer.h">
      <Filter>ヘッダー ファイル\manage</Filter>
    </ClInclude>
    <ClInclude Include="scene.h">
      <Filter>ヘッダー ファイル\scene</Filter>
    </ClInclude>
    <ClInclude Include="sound.h">
      <Filter>ヘッダー ファイル</Filter>
    </ClInclude>
    <ClInclude Include="texture.h">
      <Filter>ヘッダー ファイル</Filter>
    </ClInclude>
    <ClInclude Include="fade.h">
      <Filter>ヘッダー ファイル</Filter>
    </ClInclude>
    <ClInclude Include="scene2D.h">
      <Filter>ヘッダー ファイル\scene</Filter>
    </ClInclude>
    <ClInclude Include="title.h">
      <Filter>ヘッダー ファイル\mode</Filter>
    </ClInclude>
    <ClInclude Include="ui.h">
      <Filter>ヘッダー ファイル\ui</Filter>
    </ClInclude>
    <ClInclude Include="scene3D.h">
      <Filter>ヘッダー ファイル\scene</Filter>
    </ClInclude>
    <ClInclude Include="camera.h">
      <Filter>ヘッダー ファイル</Filter>
    </ClInclude>
    <ClInclude Include="light.h">
      <Filter>ヘッダー ファイル</Filter>
    </ClInclude>
    <ClInclude Include="game.h">
      <Filter>ヘッダー ファイル\mode</Filter>
    </ClInclude>
    <ClInclude Include="player.h">
      <Filter>ヘッダー ファイル\player</Filter>
    </ClInclude>
    <ClInclude Include="mesh_field.h">
      <Filter>ヘッダー ファイル\mesh</Filter>
    </ClInclude>
    <ClInclude Include="mesh_wall.h">
      <Filter>ヘッダー ファイル\mesh</Filter>
    </ClInclude>
    <ClInclude Include="model.h">
      <Filter>ヘッダー ファイル\model</Filter>
    </ClInclude>
    <ClInclude Include="data_stage.h">
      <Filter>ヘッダー ファイル\data</Filter>
    </ClInclude>
    <ClInclude Include="control.h">
      <Filter>ヘッダー ファイル\control</Filter>
    </ClInclude>
    <ClInclude Include="control_ui_title_enter.h">
      <Filter>ヘッダー ファイル\control</Filter>
    </ClInclude>
    <ClInclude Include="shadow.h">
      <Filter>ヘッダー ファイル</Filter>
    </ClInclude>
    <ClInclude Include="control_player.h">
      <Filter>ヘッダー ファイル\control</Filter>
    </ClInclude>
    <ClInclude Include="data_attack.h">
      <Filter>ヘッダー ファイル\data</Filter>
    </ClInclude>
    <ClInclude Include="model_single.h">
      <Filter>ヘッダー ファイル\model</Filter>
    </ClInclude>
    <ClInclude Include="arrow.h">
      <Filter>ヘッダー ファイル\player</Filter>
    </ClInclude>
    <ClInclude Include="motion.h">
      <Filter>ヘッダー ファイル\motion</Filter>
    </ClInclude>
    <ClInclude Include="enemy.h">
      <Filter>ヘッダー ファイル\enemy</Filter>
    </ClInclude>
    <ClInclude Include="control_wolf00.h">
      <Filter>ヘッダー ファイル\control</Filter>
    </ClInclude>
    <ClInclude Include="control_wolf01.h">
      <Filter>ヘッダー ファイル\control</Filter>
    </ClInclude>
    <ClInclude Include="control_boss.h">
      <Filter>ヘッダー ファイル\control</Filter>
    </ClInclude>
    <ClInclude Include="flash.h">
      <Filter>ヘッダー ファイル</Filter>
    </ClInclude>
    <ClInclude Include="level.h">
      <Filter>ヘッダー ファイル\ui</Filter>
    </ClInclude>
    <ClInclude Include="life.h">
      <Filter>ヘッダー ファイル\ui</Filter>
    </ClInclude>
    <ClInclude Include="enemy_box.h">
      <Filter>ヘッダー ファイル\enemy</Filter>
    </ClInclude>
    <ClInclude Include="effect_billboard.h">
      <Filter>ヘッダー ファイル\billboard</Filter>
    </ClInclude>
    <ClInclude Include="billboard.h">
      <Filter>ヘッダー ファイル\billboard</Filter>
    </ClInclude>
    <ClInclude Include="life_billboard.h">
      <Filter>ヘッダー ファイル\billboard</Filter>
    </ClInclude>
    <ClInclude Include="fog.h">
      <Filter>ヘッダー ファイル</Filter>
    </ClInclude>
    <ClInclude Include="clear.h">
      <Filter>ヘッダー ファイル</Filter>
    </ClInclude>
    <ClInclude Include="death.h">
      <Filter>ヘッダー ファイル</Filter>
    </ClInclude>
    <ClInclude Include="mesh_sky.h">
      <Filter>ヘッダー ファイル\mesh</Filter>
    </ClInclude>
    <ClInclude Include="mouse.h">
      <Filter>ヘッダー ファイル\input</Filter>
    </ClInclude>
    <ClInclude Include="pause.h">
      <Filter>ヘッダー ファイル\ui</Filter>
    </ClInclude>
    <ClInclude Include="model_load.h">
      <Filter>ヘッダー ファイル\model</Filter>
    </ClInclude>
    <ClInclude Include="collision_sphere.h">
      <Filter>ヘッダー ファイル\collision</Filter>
    </ClInclude>
    <ClInclude Include="time.h">
      <Filter>ヘッダー ファイル\ui</Filter>
    </ClInclude>
    <ClInclude Include="data_clear.h">
      <Filter>ヘッダー ファイル\data</Filter>
    </ClInclude>
    <ClInclude Include="ranking.h">
      <Filter>ヘッダー ファイル\ui</Filter>
    </ClInclude>
    <ClInclude Include="particle.h">
      <Filter>ヘッダー ファイル\particle</Filter>
    </ClInclude>
    <ClInclude Include="particle_dash.h">
      <Filter>ヘッダー ファイル\particle</Filter>
    </ClInclude>
    <ClInclude Include="particle_hit.h">
      <Filter>ヘッダー ファイル\particle</Filter>
    </ClInclude>
    <ClInclude Include="particle_circle.h">
      <Filter>ヘッダー ファイル\particle</Filter>
    </ClInclude>
    <ClInclude Include="level_up.h">
      <Filter>ヘッダー ファイル\ui</Filter>
    </ClInclude>
    <ClInclude Include="score.h">
      <Filter>ヘッダー ファイル\ui</Filter>
    </ClInclude>
    <ClInclude Include="start.h">
      <Filter>ヘッダー ファイル\ui</Filter>
    </ClInclude>
    <ClInclude Include="weapon.h">
      <Filter>ヘッダー ファイル\ui</Filter>
    </ClInclude>
  </ItemGroup>
</Project>